
Microsoft Visual Studio Solution File, Format Version 12.00
# Visual Studio 15
VisualStudioVersion = 15.0.26430.15
MinimumVisualStudioVersion = 10.0.40219.1
Project("{FAE04EC0-301F-11D3-BF4B-00C04F79EFBC}") = "01. Generic Box of String", "01. Generic Box of String\01. Generic Box of String.csproj", "{89F4E08C-8F12-4300-9C1D-DC60CE5BBAC8}"
EndProject
Project("{FAE04EC0-301F-11D3-BF4B-00C04F79EFBC}") = "02. Generic Box of Integer", "02. Generic Box of Integer\02. Generic Box of Integer.csproj", "{C5ECDE86-D5A4-4A2A-99CD-DE5F08B66F12}"
EndProject
Project("{FAE04EC0-301F-11D3-BF4B-00C04F79EFBC}") = "03. Generic Swap Method String", "03. Generic Swap Method String\03. Generic Swap Method String.csproj", "{D5C58085-A18B-4B5D-B434-728F63879577}"
EndProject
Project("{FAE04EC0-301F-11D3-BF4B-00C04F79EFBC}") = "04. Generic Swap Method Integer", "04. Generic Swap Method Integer\04. Generic Swap Method Integer.csproj", "{A1B77442-8BBC-4804-BA4C-9B65C86B8544}"
EndProject
Project("{FAE04EC0-301F-11D3-BF4B-00C04F79EFBC}") = "05. Generic Count Method String", "05. Generic Count Method String\05. Generic Count Method String.csproj", "{A44108F9-247C-492E-8EAD-BCD862CE0195}"
EndProject
Project("{FAE04EC0-301F-11D3-BF4B-00C04F79EFBC}") = "06. Generic Count Method Double", "06. Generic Count Method Double\06. Generic Count Method Double.csproj", "{190358EF-55A5-4076-9C5F-3E2295A2DC12}"
EndProject
Project("{FAE04EC0-301F-11D3-BF4B-00C04F79EFBC}") = "07. Custom List", "07. Custom List\07. Custom List.csproj", "{355FA2F8-33D4-49DF-AD02-2643982A092A}"
EndProject
Project("{FAE04EC0-301F-11D3-BF4B-00C04F79EFBC}") = "08. Tuple", "08. Tuple\08. Tuple.csproj", "{9B6E6268-5223-4411-AD99-51730A2FB429}"
EndProject
Project("{FAE04EC0-301F-11D3-BF4B-00C04F79EFBC}") = "09. Threeuple", "09. Threeuple\09. Threeuple.csproj", "{9EAB7E4F-FDD6-42BE-B270-B2239764FA83}"
EndProject
Global
	GlobalSection(SolutionConfigurationPlatforms) = preSolution
		Debug|Any CPU = Debug|Any CPU
		Release|Any CPU = Release|Any CPU
	EndGlobalSection
	GlobalSection(ProjectConfigurationPlatforms) = postSolution
		{89F4E08C-8F12-4300-9C1D-DC60CE5BBAC8}.Debug|Any CPU.ActiveCfg = Debug|Any CPU
		{89F4E08C-8F12-4300-9C1D-DC60CE5BBAC8}.Debug|Any CPU.Build.0 = Debug|Any CPU
		{89F4E08C-8F12-4300-9C1D-DC60CE5BBAC8}.Release|Any CPU.ActiveCfg = Release|Any CPU
		{89F4E08C-8F12-4300-9C1D-DC60CE5BBAC8}.Release|Any CPU.Build.0 = Release|Any CPU
		{C5ECDE86-D5A4-4A2A-99CD-DE5F08B66F12}.Debug|Any CPU.ActiveCfg = Debug|Any CPU
		{C5ECDE86-D5A4-4A2A-99CD-DE5F08B66F12}.Debug|Any CPU.Build.0 = Debug|Any CPU
		{C5ECDE86-D5A4-4A2A-99CD-DE5F08B66F12}.Release|Any CPU.ActiveCfg = Release|Any CPU
		{C5ECDE86-D5A4-4A2A-99CD-DE5F08B66F12}.Release|Any CPU.Build.0 = Release|Any CPU
		{D5C58085-A18B-4B5D-B434-728F63879577}.Debug|Any CPU.ActiveCfg = Debug|Any CPU
		{D5C58085-A18B-4B5D-B434-728F63879577}.Debug|Any CPU.Build.0 = Debug|Any CPU
		{D5C58085-A18B-4B5D-B434-728F63879577}.Release|Any CPU.ActiveCfg = Release|Any CPU
		{D5C58085-A18B-4B5D-B434-728F63879577}.Release|Any CPU.Build.0 = Release|Any CPU
		{A1B77442-8BBC-4804-BA4C-9B65C86B8544}.Debug|Any CPU.ActiveCfg = Debug|Any CPU
		{A1B77442-8BBC-4804-BA4C-9B65C86B8544}.Debug|Any CPU.Build.0 = Debug|Any CPU
		{A1B77442-8BBC-4804-BA4C-9B65C86B8544}.Release|Any CPU.ActiveCfg = Release|Any CPU
		{A1B77442-8BBC-4804-BA4C-9B65C86B8544}.Release|Any CPU.Build.0 = Release|Any CPU
		{A44108F9-247C-492E-8EAD-BCD862CE0195}.Debug|Any CPU.ActiveCfg = Debug|Any CPU
		{A44108F9-247C-492E-8EAD-BCD862CE0195}.Debug|Any CPU.Build.0 = Debug|Any CPU
		{A44108F9-247C-492E-8EAD-BCD862CE0195}.Release|Any CPU.ActiveCfg = Release|Any CPU
		{A44108F9-247C-492E-8EAD-BCD862CE0195}.Release|Any CPU.Build.0 = Release|Any CPU
		{190358EF-55A5-4076-9C5F-3E2295A2DC12}.Debug|Any CPU.ActiveCfg = Debug|Any CPU
		{190358EF-55A5-4076-9C5F-3E2295A2DC12}.Debug|Any CPU.Build.0 = Debug|Any CPU
		{190358EF-55A5-4076-9C5F-3E2295A2DC12}.Release|Any CPU.ActiveCfg = Release|Any CPU
		{190358EF-55A5-4076-9C5F-3E2295A2DC12}.Release|Any CPU.Build.0 = Release|Any CPU
		{355FA2F8-33D4-49DF-AD02-2643982A092A}.Debug|Any CPU.ActiveCfg = Debug|Any CPU
		{355FA2F8-33D4-49DF-AD02-2643982A092A}.Debug|Any CPU.Build.0 = Debug|Any CPU
		{355FA2F8-33D4-49DF-AD02-2643982A092A}.Release|Any CPU.ActiveCfg = Release|Any CPU
		{355FA2F8-33D4-49DF-AD02-2643982A092A}.Release|Any CPU.Build.0 = Release|Any CPU
		{9B6E6268-5223-4411-AD99-51730A2FB429}.Debug|Any CPU.ActiveCfg = Debug|Any CPU
		{9B6E6268-5223-4411-AD99-51730A2FB429}.Debug|Any CPU.Build.0 = Debug|Any CPU
		{9B6E6268-5223-4411-AD99-51730A2FB429}.Release|Any CPU.ActiveCfg = Release|Any CPU
		{9B6E6268-5223-4411-AD99-51730A2FB429}.Release|Any CPU.Build.0 = Release|Any CPU
		{9EAB7E4F-FDD6-42BE-B270-B2239764FA83}.Debug|Any CPU.ActiveCfg = Debug|Any CPU
		{9EAB7E4F-FDD6-42BE-B270-B2239764FA83}.Debug|Any CPU.Build.0 = Debug|Any CPU
		{9EAB7E4F-FDD6-42BE-B270-B2239764FA83}.Release|Any CPU.ActiveCfg = Release|Any CPU
		{9EAB7E4F-FDD6-42BE-B270-B2239764FA83}.Release|Any CPU.Build.0 = Release|Any CPU
	EndGlobalSection
	GlobalSection(SolutionProperties) = preSolution
		HideSolutionNode = FALSE
	EndGlobalSection
EndGlobal
