
Microsoft Visual Studio Solution File, Format Version 12.00
# Visual Studio 15
VisualStudioVersion = 15.0.26403.0
MinimumVisualStudioVersion = 10.0.40219.1
Project("{FAE04EC0-301F-11D3-BF4B-00C04F79EFBC}") = "01. Match Full Name", "01. Match Full Name\01. Match Full Name.csproj", "{250DBD4D-FB46-41F4-9790-E73CB8D540EF}"
EndProject
Project("{FAE04EC0-301F-11D3-BF4B-00C04F79EFBC}") = "02. Match Phone Number", "02. Match Phone Number\02. Match Phone Number.csproj", "{83886E5E-7A16-45AE-BA88-607B94BFA805}"
EndProject
Project("{FAE04EC0-301F-11D3-BF4B-00C04F79EFBC}") = "03. Series of Letters", "03. Series of Letters\03. Series of Letters.csproj", "{6E6F7F1D-9FC3-4E62-AF99-0A9E885B878F}"
EndProject
Project("{FAE04EC0-301F-11D3-BF4B-00C04F79EFBC}") = "04. Replace anchor tag", "04. Replace anchor tag\04. Replace anchor tag.csproj", "{5545D412-32A7-4B77-8E9E-C7CD2E44B692}"
EndProject
Project("{FAE04EC0-301F-11D3-BF4B-00C04F79EFBC}") = "05. Extract Emails", "05. Extract Emails\05. Extract Emails.csproj", "{651B1250-EFC4-4194-BDC6-9C999FD4F336}"
EndProject
Project("{FAE04EC0-301F-11D3-BF4B-00C04F79EFBC}") = "06. Sentence Extractor", "06. Sentence Extractor\06. Sentence Extractor.csproj", "{867D3F84-ABEF-4BC4-B562-97C9E541B12F}"
EndProject
Project("{FAE04EC0-301F-11D3-BF4B-00C04F79EFBC}") = "07. Valid Usernames", "07. Valid Usernames\07. Valid Usernames.csproj", "{606E6962-8E6F-4922-92B5-1C003124BABC}"
EndProject
Project("{FAE04EC0-301F-11D3-BF4B-00C04F79EFBC}") = "08. Extract Hyperlinks", "08. Extract Hyperlinks\08. Extract Hyperlinks.csproj", "{068FE016-47AA-46DB-918B-DD8106D19368}"
EndProject
Project("{FAE04EC0-301F-11D3-BF4B-00C04F79EFBC}") = "09. Query Mess", "09. Query Mess\09. Query Mess.csproj", "{D6734589-872F-400F-A2C2-47AAC2D6B335}"
EndProject
Project("{FAE04EC0-301F-11D3-BF4B-00C04F79EFBC}") = "10. Use Your Chains, Buddy", "10. Use Your Chains, Buddy\10. Use Your Chains, Buddy.csproj", "{638DF88A-FD45-46E5-A244-6A00EE06E96C}"
EndProject
Project("{FAE04EC0-301F-11D3-BF4B-00C04F79EFBC}") = "11. Semantic HTML", "11. Semantic HTML\11. Semantic HTML.csproj", "{8EFCA23A-7C20-4D5A-900D-8DCD8F9E883A}"
EndProject
Global
	GlobalSection(SolutionConfigurationPlatforms) = preSolution
		Debug|Any CPU = Debug|Any CPU
		Release|Any CPU = Release|Any CPU
	EndGlobalSection
	GlobalSection(ProjectConfigurationPlatforms) = postSolution
		{250DBD4D-FB46-41F4-9790-E73CB8D540EF}.Debug|Any CPU.ActiveCfg = Debug|Any CPU
		{250DBD4D-FB46-41F4-9790-E73CB8D540EF}.Debug|Any CPU.Build.0 = Debug|Any CPU
		{250DBD4D-FB46-41F4-9790-E73CB8D540EF}.Release|Any CPU.ActiveCfg = Release|Any CPU
		{250DBD4D-FB46-41F4-9790-E73CB8D540EF}.Release|Any CPU.Build.0 = Release|Any CPU
		{83886E5E-7A16-45AE-BA88-607B94BFA805}.Debug|Any CPU.ActiveCfg = Debug|Any CPU
		{83886E5E-7A16-45AE-BA88-607B94BFA805}.Debug|Any CPU.Build.0 = Debug|Any CPU
		{83886E5E-7A16-45AE-BA88-607B94BFA805}.Release|Any CPU.ActiveCfg = Release|Any CPU
		{83886E5E-7A16-45AE-BA88-607B94BFA805}.Release|Any CPU.Build.0 = Release|Any CPU
		{6E6F7F1D-9FC3-4E62-AF99-0A9E885B878F}.Debug|Any CPU.ActiveCfg = Debug|Any CPU
		{6E6F7F1D-9FC3-4E62-AF99-0A9E885B878F}.Debug|Any CPU.Build.0 = Debug|Any CPU
		{6E6F7F1D-9FC3-4E62-AF99-0A9E885B878F}.Release|Any CPU.ActiveCfg = Release|Any CPU
		{6E6F7F1D-9FC3-4E62-AF99-0A9E885B878F}.Release|Any CPU.Build.0 = Release|Any CPU
		{5545D412-32A7-4B77-8E9E-C7CD2E44B692}.Debug|Any CPU.ActiveCfg = Debug|Any CPU
		{5545D412-32A7-4B77-8E9E-C7CD2E44B692}.Debug|Any CPU.Build.0 = Debug|Any CPU
		{5545D412-32A7-4B77-8E9E-C7CD2E44B692}.Release|Any CPU.ActiveCfg = Release|Any CPU
		{5545D412-32A7-4B77-8E9E-C7CD2E44B692}.Release|Any CPU.Build.0 = Release|Any CPU
		{651B1250-EFC4-4194-BDC6-9C999FD4F336}.Debug|Any CPU.ActiveCfg = Debug|Any CPU
		{651B1250-EFC4-4194-BDC6-9C999FD4F336}.Debug|Any CPU.Build.0 = Debug|Any CPU
		{651B1250-EFC4-4194-BDC6-9C999FD4F336}.Release|Any CPU.ActiveCfg = Release|Any CPU
		{651B1250-EFC4-4194-BDC6-9C999FD4F336}.Release|Any CPU.Build.0 = Release|Any CPU
		{867D3F84-ABEF-4BC4-B562-97C9E541B12F}.Debug|Any CPU.ActiveCfg = Debug|Any CPU
		{867D3F84-ABEF-4BC4-B562-97C9E541B12F}.Debug|Any CPU.Build.0 = Debug|Any CPU
		{867D3F84-ABEF-4BC4-B562-97C9E541B12F}.Release|Any CPU.ActiveCfg = Release|Any CPU
		{867D3F84-ABEF-4BC4-B562-97C9E541B12F}.Release|Any CPU.Build.0 = Release|Any CPU
		{606E6962-8E6F-4922-92B5-1C003124BABC}.Debug|Any CPU.ActiveCfg = Debug|Any CPU
		{606E6962-8E6F-4922-92B5-1C003124BABC}.Debug|Any CPU.Build.0 = Debug|Any CPU
		{606E6962-8E6F-4922-92B5-1C003124BABC}.Release|Any CPU.ActiveCfg = Release|Any CPU
		{606E6962-8E6F-4922-92B5-1C003124BABC}.Release|Any CPU.Build.0 = Release|Any CPU
		{068FE016-47AA-46DB-918B-DD8106D19368}.Debug|Any CPU.ActiveCfg = Debug|Any CPU
		{068FE016-47AA-46DB-918B-DD8106D19368}.Debug|Any CPU.Build.0 = Debug|Any CPU
		{068FE016-47AA-46DB-918B-DD8106D19368}.Release|Any CPU.ActiveCfg = Release|Any CPU
		{068FE016-47AA-46DB-918B-DD8106D19368}.Release|Any CPU.Build.0 = Release|Any CPU
		{D6734589-872F-400F-A2C2-47AAC2D6B335}.Debug|Any CPU.ActiveCfg = Debug|Any CPU
		{D6734589-872F-400F-A2C2-47AAC2D6B335}.Debug|Any CPU.Build.0 = Debug|Any CPU
		{D6734589-872F-400F-A2C2-47AAC2D6B335}.Release|Any CPU.ActiveCfg = Release|Any CPU
		{D6734589-872F-400F-A2C2-47AAC2D6B335}.Release|Any CPU.Build.0 = Release|Any CPU
		{638DF88A-FD45-46E5-A244-6A00EE06E96C}.Debug|Any CPU.ActiveCfg = Debug|Any CPU
		{638DF88A-FD45-46E5-A244-6A00EE06E96C}.Debug|Any CPU.Build.0 = Debug|Any CPU
		{638DF88A-FD45-46E5-A244-6A00EE06E96C}.Release|Any CPU.ActiveCfg = Release|Any CPU
		{638DF88A-FD45-46E5-A244-6A00EE06E96C}.Release|Any CPU.Build.0 = Release|Any CPU
		{8EFCA23A-7C20-4D5A-900D-8DCD8F9E883A}.Debug|Any CPU.ActiveCfg = Debug|Any CPU
		{8EFCA23A-7C20-4D5A-900D-8DCD8F9E883A}.Debug|Any CPU.Build.0 = Debug|Any CPU
		{8EFCA23A-7C20-4D5A-900D-8DCD8F9E883A}.Release|Any CPU.ActiveCfg = Release|Any CPU
		{8EFCA23A-7C20-4D5A-900D-8DCD8F9E883A}.Release|Any CPU.Build.0 = Release|Any CPU
	EndGlobalSection
	GlobalSection(SolutionProperties) = preSolution
		HideSolutionNode = FALSE
	EndGlobalSection
EndGlobal
