
Microsoft Visual Studio Solution File, Format Version 12.00
# Visual Studio 15
VisualStudioVersion = 15.0.26403.0
MinimumVisualStudioVersion = 10.0.40219.1
Project("{FAE04EC0-301F-11D3-BF4B-00C04F79EFBC}") = "01. Vehicles", "01. Vehicles\01. Vehicles.csproj", "{B4DE5BE6-7E4C-44CE-A4FF-64DBA4B42C64}"
EndProject
Project("{FAE04EC0-301F-11D3-BF4B-00C04F79EFBC}") = "02. Wild Farm", "02. Wild Farm\02. Wild Farm.csproj", "{975FE779-F250-4815-95A0-C0701EE471AA}"
EndProject
Global
	GlobalSection(SolutionConfigurationPlatforms) = preSolution
		Debug|Any CPU = Debug|Any CPU
		Release|Any CPU = Release|Any CPU
	EndGlobalSection
	GlobalSection(ProjectConfigurationPlatforms) = postSolution
		{B4DE5BE6-7E4C-44CE-A4FF-64DBA4B42C64}.Debug|Any CPU.ActiveCfg = Debug|Any CPU
		{B4DE5BE6-7E4C-44CE-A4FF-64DBA4B42C64}.Debug|Any CPU.Build.0 = Debug|Any CPU
		{B4DE5BE6-7E4C-44CE-A4FF-64DBA4B42C64}.Release|Any CPU.ActiveCfg = Release|Any CPU
		{B4DE5BE6-7E4C-44CE-A4FF-64DBA4B42C64}.Release|Any CPU.Build.0 = Release|Any CPU
		{975FE779-F250-4815-95A0-C0701EE471AA}.Debug|Any CPU.ActiveCfg = Debug|Any CPU
		{975FE779-F250-4815-95A0-C0701EE471AA}.Debug|Any CPU.Build.0 = Debug|Any CPU
		{975FE779-F250-4815-95A0-C0701EE471AA}.Release|Any CPU.ActiveCfg = Release|Any CPU
		{975FE779-F250-4815-95A0-C0701EE471AA}.Release|Any CPU.Build.0 = Release|Any CPU
	EndGlobalSection
	GlobalSection(SolutionProperties) = preSolution
		HideSolutionNode = FALSE
	EndGlobalSection
EndGlobal
