
Microsoft Visual Studio Solution File, Format Version 12.00
# Visual Studio 14
VisualStudioVersion = 14.0.25420.1
MinimumVisualStudioVersion = 10.0.40219.1
Project("{FAE04EC0-301F-11D3-BF4B-00C04F79EFBC}") = "1. Sweet Dessert", "1. Sweet Dessert\1. Sweet Dessert.csproj", "{C0AC983A-D6F5-403F-A318-DBFF47FA26D6}"
EndProject
Project("{FAE04EC0-301F-11D3-BF4B-00C04F79EFBC}") = "2. Array Manipulator", "2. Array Manipulator\2. Array Manipulator.csproj", "{A811C70B-8687-4844-BF6E-3AD2FB45F809}"
EndProject
Project("{FAE04EC0-301F-11D3-BF4B-00C04F79EFBC}") = "3. Football League", "3. Football League\3. Football League.csproj", "{928DB89B-7BDC-4DE8-929F-F45D3D658E71}"
EndProject
Project("{FAE04EC0-301F-11D3-BF4B-00C04F79EFBC}") = "4. Cubic Messages", "4. Cubic Messages\4. Cubic Messages.csproj", "{21F2C710-7C6C-431C-9DFD-E6A534750892}"
EndProject
Global
	GlobalSection(SolutionConfigurationPlatforms) = preSolution
		Debug|Any CPU = Debug|Any CPU
		Release|Any CPU = Release|Any CPU
	EndGlobalSection
	GlobalSection(ProjectConfigurationPlatforms) = postSolution
		{C0AC983A-D6F5-403F-A318-DBFF47FA26D6}.Debug|Any CPU.ActiveCfg = Debug|Any CPU
		{C0AC983A-D6F5-403F-A318-DBFF47FA26D6}.Debug|Any CPU.Build.0 = Debug|Any CPU
		{C0AC983A-D6F5-403F-A318-DBFF47FA26D6}.Release|Any CPU.ActiveCfg = Release|Any CPU
		{C0AC983A-D6F5-403F-A318-DBFF47FA26D6}.Release|Any CPU.Build.0 = Release|Any CPU
		{A811C70B-8687-4844-BF6E-3AD2FB45F809}.Debug|Any CPU.ActiveCfg = Debug|Any CPU
		{A811C70B-8687-4844-BF6E-3AD2FB45F809}.Debug|Any CPU.Build.0 = Debug|Any CPU
		{A811C70B-8687-4844-BF6E-3AD2FB45F809}.Release|Any CPU.ActiveCfg = Release|Any CPU
		{A811C70B-8687-4844-BF6E-3AD2FB45F809}.Release|Any CPU.Build.0 = Release|Any CPU
		{928DB89B-7BDC-4DE8-929F-F45D3D658E71}.Debug|Any CPU.ActiveCfg = Debug|Any CPU
		{928DB89B-7BDC-4DE8-929F-F45D3D658E71}.Debug|Any CPU.Build.0 = Debug|Any CPU
		{928DB89B-7BDC-4DE8-929F-F45D3D658E71}.Release|Any CPU.ActiveCfg = Release|Any CPU
		{928DB89B-7BDC-4DE8-929F-F45D3D658E71}.Release|Any CPU.Build.0 = Release|Any CPU
		{21F2C710-7C6C-431C-9DFD-E6A534750892}.Debug|Any CPU.ActiveCfg = Debug|Any CPU
		{21F2C710-7C6C-431C-9DFD-E6A534750892}.Debug|Any CPU.Build.0 = Debug|Any CPU
		{21F2C710-7C6C-431C-9DFD-E6A534750892}.Release|Any CPU.ActiveCfg = Release|Any CPU
		{21F2C710-7C6C-431C-9DFD-E6A534750892}.Release|Any CPU.Build.0 = Release|Any CPU
	EndGlobalSection
	GlobalSection(SolutionProperties) = preSolution
		HideSolutionNode = FALSE
	EndGlobalSection
EndGlobal
