
Microsoft Visual Studio Solution File, Format Version 12.00
# Visual Studio 14
VisualStudioVersion = 14.0.25420.1
MinimumVisualStudioVersion = 10.0.40219.1
Project("{FAE04EC0-301F-11D3-BF4B-00C04F79EFBC}") = "1. Odd Lines", "1. Odd Lines\1. Odd Lines.csproj", "{6E680F38-8304-4A2E-B329-DEC473109604}"
EndProject
Project("{FAE04EC0-301F-11D3-BF4B-00C04F79EFBC}") = "2. Line Numbers", "2. Line Numbers\2. Line Numbers.csproj", "{8B4E25B5-24F2-4AEA-9FE2-19368A110E8A}"
EndProject
Project("{FAE04EC0-301F-11D3-BF4B-00C04F79EFBC}") = "3. Word Count", "3. Word Count\3. Word Count.csproj", "{36DBE086-35E0-4569-B277-9E0AEC49B055}"
EndProject
Project("{FAE04EC0-301F-11D3-BF4B-00C04F79EFBC}") = "4. Merge Files", "4. Merge Files\4. Merge Files.csproj", "{099FB472-9D1D-4C14-91DD-38FC5D953CE1}"
EndProject
Project("{FAE04EC0-301F-11D3-BF4B-00C04F79EFBC}") = "5. Folder Size", "5. Folder Size\5. Folder Size.csproj", "{ADE290EB-0223-4655-B26F-21E0B2418330}"
EndProject
Global
	GlobalSection(SolutionConfigurationPlatforms) = preSolution
		Debug|Any CPU = Debug|Any CPU
		Release|Any CPU = Release|Any CPU
	EndGlobalSection
	GlobalSection(ProjectConfigurationPlatforms) = postSolution
		{6E680F38-8304-4A2E-B329-DEC473109604}.Debug|Any CPU.ActiveCfg = Debug|Any CPU
		{6E680F38-8304-4A2E-B329-DEC473109604}.Debug|Any CPU.Build.0 = Debug|Any CPU
		{6E680F38-8304-4A2E-B329-DEC473109604}.Release|Any CPU.ActiveCfg = Release|Any CPU
		{6E680F38-8304-4A2E-B329-DEC473109604}.Release|Any CPU.Build.0 = Release|Any CPU
		{8B4E25B5-24F2-4AEA-9FE2-19368A110E8A}.Debug|Any CPU.ActiveCfg = Debug|Any CPU
		{8B4E25B5-24F2-4AEA-9FE2-19368A110E8A}.Debug|Any CPU.Build.0 = Debug|Any CPU
		{8B4E25B5-24F2-4AEA-9FE2-19368A110E8A}.Release|Any CPU.ActiveCfg = Release|Any CPU
		{8B4E25B5-24F2-4AEA-9FE2-19368A110E8A}.Release|Any CPU.Build.0 = Release|Any CPU
		{36DBE086-35E0-4569-B277-9E0AEC49B055}.Debug|Any CPU.ActiveCfg = Debug|Any CPU
		{36DBE086-35E0-4569-B277-9E0AEC49B055}.Debug|Any CPU.Build.0 = Debug|Any CPU
		{36DBE086-35E0-4569-B277-9E0AEC49B055}.Release|Any CPU.ActiveCfg = Release|Any CPU
		{36DBE086-35E0-4569-B277-9E0AEC49B055}.Release|Any CPU.Build.0 = Release|Any CPU
		{099FB472-9D1D-4C14-91DD-38FC5D953CE1}.Debug|Any CPU.ActiveCfg = Debug|Any CPU
		{099FB472-9D1D-4C14-91DD-38FC5D953CE1}.Debug|Any CPU.Build.0 = Debug|Any CPU
		{099FB472-9D1D-4C14-91DD-38FC5D953CE1}.Release|Any CPU.ActiveCfg = Release|Any CPU
		{099FB472-9D1D-4C14-91DD-38FC5D953CE1}.Release|Any CPU.Build.0 = Release|Any CPU
		{ADE290EB-0223-4655-B26F-21E0B2418330}.Debug|Any CPU.ActiveCfg = Debug|Any CPU
		{ADE290EB-0223-4655-B26F-21E0B2418330}.Debug|Any CPU.Build.0 = Debug|Any CPU
		{ADE290EB-0223-4655-B26F-21E0B2418330}.Release|Any CPU.ActiveCfg = Release|Any CPU
		{ADE290EB-0223-4655-B26F-21E0B2418330}.Release|Any CPU.Build.0 = Release|Any CPU
	EndGlobalSection
	GlobalSection(SolutionProperties) = preSolution
		HideSolutionNode = FALSE
	EndGlobalSection
EndGlobal
