
Microsoft Visual Studio Solution File, Format Version 12.00
# Visual Studio 15
VisualStudioVersion = 15.0.26430.15
MinimumVisualStudioVersion = 10.0.40219.1
Project("{FAE04EC0-301F-11D3-BF4B-00C04F79EFBC}") = "01. Weekdays", "01. Weekdays\01. Weekdays.csproj", "{C01DB0B5-CA38-46E1-9E5F-84E182AE1FC3}"
EndProject
Project("{FAE04EC0-301F-11D3-BF4B-00C04F79EFBC}") = "02. Coffee Machine", "02. Coffee Machine\02. Coffee Machine.csproj", "{692DE6F2-DCC5-4A74-B030-678A37FC75F7}"
EndProject
Project("{FAE04EC0-301F-11D3-BF4B-00C04F79EFBC}") = "03. Create Attribute", "03. Create Attribute\03. Create Attribute.csproj", "{5A22B140-F63E-4D89-8988-2A3C01054D2F}"
EndProject
Project("{FAE04EC0-301F-11D3-BF4B-00C04F79EFBC}") = "04. Tracker", "04. Tracker\04. Tracker.csproj", "{CD5C77EE-65B4-4948-A76C-FC4959579606}"
EndProject
Global
	GlobalSection(SolutionConfigurationPlatforms) = preSolution
		Debug|Any CPU = Debug|Any CPU
		Release|Any CPU = Release|Any CPU
	EndGlobalSection
	GlobalSection(ProjectConfigurationPlatforms) = postSolution
		{C01DB0B5-CA38-46E1-9E5F-84E182AE1FC3}.Debug|Any CPU.ActiveCfg = Debug|Any CPU
		{C01DB0B5-CA38-46E1-9E5F-84E182AE1FC3}.Debug|Any CPU.Build.0 = Debug|Any CPU
		{C01DB0B5-CA38-46E1-9E5F-84E182AE1FC3}.Release|Any CPU.ActiveCfg = Release|Any CPU
		{C01DB0B5-CA38-46E1-9E5F-84E182AE1FC3}.Release|Any CPU.Build.0 = Release|Any CPU
		{692DE6F2-DCC5-4A74-B030-678A37FC75F7}.Debug|Any CPU.ActiveCfg = Debug|Any CPU
		{692DE6F2-DCC5-4A74-B030-678A37FC75F7}.Debug|Any CPU.Build.0 = Debug|Any CPU
		{692DE6F2-DCC5-4A74-B030-678A37FC75F7}.Release|Any CPU.ActiveCfg = Release|Any CPU
		{692DE6F2-DCC5-4A74-B030-678A37FC75F7}.Release|Any CPU.Build.0 = Release|Any CPU
		{5A22B140-F63E-4D89-8988-2A3C01054D2F}.Debug|Any CPU.ActiveCfg = Debug|Any CPU
		{5A22B140-F63E-4D89-8988-2A3C01054D2F}.Debug|Any CPU.Build.0 = Debug|Any CPU
		{5A22B140-F63E-4D89-8988-2A3C01054D2F}.Release|Any CPU.ActiveCfg = Release|Any CPU
		{5A22B140-F63E-4D89-8988-2A3C01054D2F}.Release|Any CPU.Build.0 = Release|Any CPU
		{CD5C77EE-65B4-4948-A76C-FC4959579606}.Debug|Any CPU.ActiveCfg = Debug|Any CPU
		{CD5C77EE-65B4-4948-A76C-FC4959579606}.Debug|Any CPU.Build.0 = Debug|Any CPU
		{CD5C77EE-65B4-4948-A76C-FC4959579606}.Release|Any CPU.ActiveCfg = Release|Any CPU
		{CD5C77EE-65B4-4948-A76C-FC4959579606}.Release|Any CPU.Build.0 = Release|Any CPU
	EndGlobalSection
	GlobalSection(SolutionProperties) = preSolution
		HideSolutionNode = FALSE
	EndGlobalSection
EndGlobal
