
Microsoft Visual Studio Solution File, Format Version 12.00
# Visual Studio 15
VisualStudioVersion = 15.0.27004.2006
MinimumVisualStudioVersion = 10.0.40219.1
Project("{9A19103F-16F7-4668-BE54-9A1E7A4F7556}") = "EmployeesSystem.App", "EmployeesSystem.App\EmployeesSystem.App.csproj", "{C678C215-9C00-4EA7-84D0-F4A000020570}"
EndProject
Project("{9A19103F-16F7-4668-BE54-9A1E7A4F7556}") = "EmployeesSystem.Data", "EmployeesSystem.Data\EmployeesSystem.Data.csproj", "{4708E4C4-3904-457E-A60B-4CE414365874}"
EndProject
Project("{9A19103F-16F7-4668-BE54-9A1E7A4F7556}") = "EmployeesSystem.Models", "EmployeesSystem.Models\EmployeesSystem.Models.csproj", "{84605ECF-64BE-420A-9BD0-4D7C6605B567}"
EndProject
Project("{9A19103F-16F7-4668-BE54-9A1E7A4F7556}") = "EmployeesSystem.Services", "EmployeesSystem.Services\EmployeesSystem.Services.csproj", "{290070ED-7F4D-417D-93D1-6D45501A8725}"
EndProject
Project("{FAE04EC0-301F-11D3-BF4B-00C04F79EFBC}") = "EmployeesSystem.Dtos", "EmployeesSystem.Dtos\EmployeesSystem.Dtos.csproj", "{AF3D3907-AF47-404B-A67E-F97F099DCF07}"
EndProject
Global
	GlobalSection(SolutionConfigurationPlatforms) = preSolution
		Debug|Any CPU = Debug|Any CPU
		Release|Any CPU = Release|Any CPU
	EndGlobalSection
	GlobalSection(ProjectConfigurationPlatforms) = postSolution
		{C678C215-9C00-4EA7-84D0-F4A000020570}.Debug|Any CPU.ActiveCfg = Debug|Any CPU
		{C678C215-9C00-4EA7-84D0-F4A000020570}.Debug|Any CPU.Build.0 = Debug|Any CPU
		{C678C215-9C00-4EA7-84D0-F4A000020570}.Release|Any CPU.ActiveCfg = Release|Any CPU
		{C678C215-9C00-4EA7-84D0-F4A000020570}.Release|Any CPU.Build.0 = Release|Any CPU
		{4708E4C4-3904-457E-A60B-4CE414365874}.Debug|Any CPU.ActiveCfg = Debug|Any CPU
		{4708E4C4-3904-457E-A60B-4CE414365874}.Debug|Any CPU.Build.0 = Debug|Any CPU
		{4708E4C4-3904-457E-A60B-4CE414365874}.Release|Any CPU.ActiveCfg = Release|Any CPU
		{4708E4C4-3904-457E-A60B-4CE414365874}.Release|Any CPU.Build.0 = Release|Any CPU
		{84605ECF-64BE-420A-9BD0-4D7C6605B567}.Debug|Any CPU.ActiveCfg = Debug|Any CPU
		{84605ECF-64BE-420A-9BD0-4D7C6605B567}.Debug|Any CPU.Build.0 = Debug|Any CPU
		{84605ECF-64BE-420A-9BD0-4D7C6605B567}.Release|Any CPU.ActiveCfg = Release|Any CPU
		{84605ECF-64BE-420A-9BD0-4D7C6605B567}.Release|Any CPU.Build.0 = Release|Any CPU
		{290070ED-7F4D-417D-93D1-6D45501A8725}.Debug|Any CPU.ActiveCfg = Debug|Any CPU
		{290070ED-7F4D-417D-93D1-6D45501A8725}.Debug|Any CPU.Build.0 = Debug|Any CPU
		{290070ED-7F4D-417D-93D1-6D45501A8725}.Release|Any CPU.ActiveCfg = Release|Any CPU
		{290070ED-7F4D-417D-93D1-6D45501A8725}.Release|Any CPU.Build.0 = Release|Any CPU
		{AF3D3907-AF47-404B-A67E-F97F099DCF07}.Debug|Any CPU.ActiveCfg = Debug|Any CPU
		{AF3D3907-AF47-404B-A67E-F97F099DCF07}.Debug|Any CPU.Build.0 = Debug|Any CPU
		{AF3D3907-AF47-404B-A67E-F97F099DCF07}.Release|Any CPU.ActiveCfg = Release|Any CPU
		{AF3D3907-AF47-404B-A67E-F97F099DCF07}.Release|Any CPU.Build.0 = Release|Any CPU
	EndGlobalSection
	GlobalSection(SolutionProperties) = preSolution
		HideSolutionNode = FALSE
	EndGlobalSection
	GlobalSection(ExtensibilityGlobals) = postSolution
		SolutionGuid = {083F853F-E63C-4F28-B889-2BE4C2188EE1}
	EndGlobalSection
EndGlobal
