
Microsoft Visual Studio Solution File, Format Version 12.00
# Visual Studio 14
VisualStudioVersion = 14.0.25420.1
MinimumVisualStudioVersion = 10.0.40219.1
Project("{FAE04EC0-301F-11D3-BF4B-00C04F79EFBC}") = "1. Sino The Walker", "1. Sino The Walker\1. Sino The Walker.csproj", "{E4E11032-E6AD-4979-BD8C-31FC171AB928}"
EndProject
Project("{FAE04EC0-301F-11D3-BF4B-00C04F79EFBC}") = "2. SoftUni Karaoke", "2. SoftUni Karaoke\2. SoftUni Karaoke.csproj", "{37AC98CC-B536-485F-8A02-DF483B0072C4}"
EndProject
Project("{FAE04EC0-301F-11D3-BF4B-00C04F79EFBC}") = "3. Endurance Rally", "3. Endurance Rally\3. Endurance Rally.csproj", "{DD7F2079-7A2E-4EC6-911B-3B7191034103}"
EndProject
Project("{FAE04EC0-301F-11D3-BF4B-00C04F79EFBC}") = "4. Winning Ticket", "4. Winning Ticket\4. Winning Ticket.csproj", "{4D0B20EA-479C-4A0E-8DF2-5446B5722D7D}"
EndProject
Global
	GlobalSection(SolutionConfigurationPlatforms) = preSolution
		Debug|Any CPU = Debug|Any CPU
		Release|Any CPU = Release|Any CPU
	EndGlobalSection
	GlobalSection(ProjectConfigurationPlatforms) = postSolution
		{E4E11032-E6AD-4979-BD8C-31FC171AB928}.Debug|Any CPU.ActiveCfg = Debug|Any CPU
		{E4E11032-E6AD-4979-BD8C-31FC171AB928}.Debug|Any CPU.Build.0 = Debug|Any CPU
		{E4E11032-E6AD-4979-BD8C-31FC171AB928}.Release|Any CPU.ActiveCfg = Release|Any CPU
		{E4E11032-E6AD-4979-BD8C-31FC171AB928}.Release|Any CPU.Build.0 = Release|Any CPU
		{37AC98CC-B536-485F-8A02-DF483B0072C4}.Debug|Any CPU.ActiveCfg = Debug|Any CPU
		{37AC98CC-B536-485F-8A02-DF483B0072C4}.Debug|Any CPU.Build.0 = Debug|Any CPU
		{37AC98CC-B536-485F-8A02-DF483B0072C4}.Release|Any CPU.ActiveCfg = Release|Any CPU
		{37AC98CC-B536-485F-8A02-DF483B0072C4}.Release|Any CPU.Build.0 = Release|Any CPU
		{DD7F2079-7A2E-4EC6-911B-3B7191034103}.Debug|Any CPU.ActiveCfg = Debug|Any CPU
		{DD7F2079-7A2E-4EC6-911B-3B7191034103}.Debug|Any CPU.Build.0 = Debug|Any CPU
		{DD7F2079-7A2E-4EC6-911B-3B7191034103}.Release|Any CPU.ActiveCfg = Release|Any CPU
		{DD7F2079-7A2E-4EC6-911B-3B7191034103}.Release|Any CPU.Build.0 = Release|Any CPU
		{4D0B20EA-479C-4A0E-8DF2-5446B5722D7D}.Debug|Any CPU.ActiveCfg = Debug|Any CPU
		{4D0B20EA-479C-4A0E-8DF2-5446B5722D7D}.Debug|Any CPU.Build.0 = Debug|Any CPU
		{4D0B20EA-479C-4A0E-8DF2-5446B5722D7D}.Release|Any CPU.ActiveCfg = Release|Any CPU
		{4D0B20EA-479C-4A0E-8DF2-5446B5722D7D}.Release|Any CPU.Build.0 = Release|Any CPU
	EndGlobalSection
	GlobalSection(SolutionProperties) = preSolution
		HideSolutionNode = FALSE
	EndGlobalSection
EndGlobal
