
Microsoft Visual Studio Solution File, Format Version 12.00
# Visual Studio 15
VisualStudioVersion = 15.0.26430.15
MinimumVisualStudioVersion = 10.0.40219.1
Project("{FAE04EC0-301F-11D3-BF4B-00C04F79EFBC}") = "01. Event Implementation", "01. Event Implementation\01. Event Implementation.csproj", "{0AED23CB-59CF-454B-849D-2E01895EBD30}"
EndProject
Project("{FAE04EC0-301F-11D3-BF4B-00C04F79EFBC}") = "02. King's Gambit", "02. King's Gambit\02. King's Gambit.csproj", "{6C6A7408-9E0B-4673-B9F2-356B1BBBC8DE}"
EndProject
Project("{FAE04EC0-301F-11D3-BF4B-00C04F79EFBC}") = "03. Dependency Inversion", "03. Dependency Inversion\03. Dependency Inversion.csproj", "{86382E52-D4A7-4C1B-B22B-377437BB58FA}"
EndProject
Project("{FAE04EC0-301F-11D3-BF4B-00C04F79EFBC}") = "04. Work Force", "04. Work Force\04. Work Force.csproj", "{BC2790D5-5035-4402-BC9E-EE03BD2C0C15}"
EndProject
Project("{FAE04EC0-301F-11D3-BF4B-00C04F79EFBC}") = "05. King's Gambit Extended", "05. King's Gambit Extended\05. King's Gambit Extended.csproj", "{690CB11C-DEA0-4E21-9C67-8432D5397E1E}"
EndProject
Global
	GlobalSection(SolutionConfigurationPlatforms) = preSolution
		Debug|Any CPU = Debug|Any CPU
		Release|Any CPU = Release|Any CPU
	EndGlobalSection
	GlobalSection(ProjectConfigurationPlatforms) = postSolution
		{0AED23CB-59CF-454B-849D-2E01895EBD30}.Debug|Any CPU.ActiveCfg = Debug|Any CPU
		{0AED23CB-59CF-454B-849D-2E01895EBD30}.Debug|Any CPU.Build.0 = Debug|Any CPU
		{0AED23CB-59CF-454B-849D-2E01895EBD30}.Release|Any CPU.ActiveCfg = Release|Any CPU
		{0AED23CB-59CF-454B-849D-2E01895EBD30}.Release|Any CPU.Build.0 = Release|Any CPU
		{6C6A7408-9E0B-4673-B9F2-356B1BBBC8DE}.Debug|Any CPU.ActiveCfg = Debug|Any CPU
		{6C6A7408-9E0B-4673-B9F2-356B1BBBC8DE}.Debug|Any CPU.Build.0 = Debug|Any CPU
		{6C6A7408-9E0B-4673-B9F2-356B1BBBC8DE}.Release|Any CPU.ActiveCfg = Release|Any CPU
		{6C6A7408-9E0B-4673-B9F2-356B1BBBC8DE}.Release|Any CPU.Build.0 = Release|Any CPU
		{86382E52-D4A7-4C1B-B22B-377437BB58FA}.Debug|Any CPU.ActiveCfg = Debug|Any CPU
		{86382E52-D4A7-4C1B-B22B-377437BB58FA}.Debug|Any CPU.Build.0 = Debug|Any CPU
		{86382E52-D4A7-4C1B-B22B-377437BB58FA}.Release|Any CPU.ActiveCfg = Release|Any CPU
		{86382E52-D4A7-4C1B-B22B-377437BB58FA}.Release|Any CPU.Build.0 = Release|Any CPU
		{BC2790D5-5035-4402-BC9E-EE03BD2C0C15}.Debug|Any CPU.ActiveCfg = Debug|Any CPU
		{BC2790D5-5035-4402-BC9E-EE03BD2C0C15}.Debug|Any CPU.Build.0 = Debug|Any CPU
		{BC2790D5-5035-4402-BC9E-EE03BD2C0C15}.Release|Any CPU.ActiveCfg = Release|Any CPU
		{BC2790D5-5035-4402-BC9E-EE03BD2C0C15}.Release|Any CPU.Build.0 = Release|Any CPU
		{690CB11C-DEA0-4E21-9C67-8432D5397E1E}.Debug|Any CPU.ActiveCfg = Debug|Any CPU
		{690CB11C-DEA0-4E21-9C67-8432D5397E1E}.Debug|Any CPU.Build.0 = Debug|Any CPU
		{690CB11C-DEA0-4E21-9C67-8432D5397E1E}.Release|Any CPU.ActiveCfg = Release|Any CPU
		{690CB11C-DEA0-4E21-9C67-8432D5397E1E}.Release|Any CPU.Build.0 = Release|Any CPU
	EndGlobalSection
	GlobalSection(SolutionProperties) = preSolution
		HideSolutionNode = FALSE
	EndGlobalSection
EndGlobal
