
Microsoft Visual Studio Solution File, Format Version 12.00
# Visual Studio 15
VisualStudioVersion = 15.0.26430.15
MinimumVisualStudioVersion = 10.0.40219.1
Project("{FAE04EC0-301F-11D3-BF4B-00C04F79EFBC}") = "01. Define an Interface IPerson", "01. Define an Interface IPerson\01. Define an Interface IPerson.csproj", "{A28A8304-FBA0-4967-921A-3F926D60E9AF}"
EndProject
Project("{FAE04EC0-301F-11D3-BF4B-00C04F79EFBC}") = "02. Multiple Implementation", "02. Multiple Implementation\02. Multiple Implementation.csproj", "{F361DB43-8CE0-49BF-A423-A5EF03D3BA16}"
EndProject
Project("{FAE04EC0-301F-11D3-BF4B-00C04F79EFBC}") = "03. Ferrari", "03. Ferrari\03. Ferrari.csproj", "{195DDF44-43D8-44B0-A09C-7E6005A0079E}"
EndProject
Project("{FAE04EC0-301F-11D3-BF4B-00C04F79EFBC}") = "04. Telephony", "04. Telephony\04. Telephony.csproj", "{A3CB6BD0-6AB5-4DE6-888B-07E9F2869EA3}"
EndProject
Project("{FAE04EC0-301F-11D3-BF4B-00C04F79EFBC}") = "05. Border Control", "05. Border Control\05. Border Control.csproj", "{0B3EC688-52DC-4B31-87CA-1A76E808FD71}"
EndProject
Project("{FAE04EC0-301F-11D3-BF4B-00C04F79EFBC}") = "06. Birthday Celebrations", "06. Birthday Celebrations\06. Birthday Celebrations.csproj", "{75693125-1E91-408C-B390-0A575DE0208E}"
EndProject
Project("{FAE04EC0-301F-11D3-BF4B-00C04F79EFBC}") = "07. Food Shortage", "07. Food Shortage\07. Food Shortage.csproj", "{772F7B43-320E-4894-BD4D-EDEF39A1A914}"
EndProject
Project("{FAE04EC0-301F-11D3-BF4B-00C04F79EFBC}") = "08. Military Elite", "08. Military Elite\08. Military Elite.csproj", "{43500BF6-2076-4A64-BAD0-DBCCEA982C5F}"
EndProject
Project("{FAE04EC0-301F-11D3-BF4B-00C04F79EFBC}") = "09. Collection Hierarchy", "09. Collection Hierarchy\09. Collection Hierarchy.csproj", "{7B27575A-CD9C-45A2-89A7-57F5F4037268}"
EndProject
Project("{FAE04EC0-301F-11D3-BF4B-00C04F79EFBC}") = "10. Explicit Interfaces", "10. Explicit Interfaces\10. Explicit Interfaces.csproj", "{D5DEA73B-23EF-4184-82E7-8FF3B6DFCF25}"
EndProject
Global
	GlobalSection(SolutionConfigurationPlatforms) = preSolution
		Debug|Any CPU = Debug|Any CPU
		Release|Any CPU = Release|Any CPU
	EndGlobalSection
	GlobalSection(ProjectConfigurationPlatforms) = postSolution
		{A28A8304-FBA0-4967-921A-3F926D60E9AF}.Debug|Any CPU.ActiveCfg = Debug|Any CPU
		{A28A8304-FBA0-4967-921A-3F926D60E9AF}.Debug|Any CPU.Build.0 = Debug|Any CPU
		{A28A8304-FBA0-4967-921A-3F926D60E9AF}.Release|Any CPU.ActiveCfg = Release|Any CPU
		{A28A8304-FBA0-4967-921A-3F926D60E9AF}.Release|Any CPU.Build.0 = Release|Any CPU
		{F361DB43-8CE0-49BF-A423-A5EF03D3BA16}.Debug|Any CPU.ActiveCfg = Debug|Any CPU
		{F361DB43-8CE0-49BF-A423-A5EF03D3BA16}.Debug|Any CPU.Build.0 = Debug|Any CPU
		{F361DB43-8CE0-49BF-A423-A5EF03D3BA16}.Release|Any CPU.ActiveCfg = Release|Any CPU
		{F361DB43-8CE0-49BF-A423-A5EF03D3BA16}.Release|Any CPU.Build.0 = Release|Any CPU
		{195DDF44-43D8-44B0-A09C-7E6005A0079E}.Debug|Any CPU.ActiveCfg = Debug|Any CPU
		{195DDF44-43D8-44B0-A09C-7E6005A0079E}.Debug|Any CPU.Build.0 = Debug|Any CPU
		{195DDF44-43D8-44B0-A09C-7E6005A0079E}.Release|Any CPU.ActiveCfg = Release|Any CPU
		{195DDF44-43D8-44B0-A09C-7E6005A0079E}.Release|Any CPU.Build.0 = Release|Any CPU
		{A3CB6BD0-6AB5-4DE6-888B-07E9F2869EA3}.Debug|Any CPU.ActiveCfg = Debug|Any CPU
		{A3CB6BD0-6AB5-4DE6-888B-07E9F2869EA3}.Debug|Any CPU.Build.0 = Debug|Any CPU
		{A3CB6BD0-6AB5-4DE6-888B-07E9F2869EA3}.Release|Any CPU.ActiveCfg = Release|Any CPU
		{A3CB6BD0-6AB5-4DE6-888B-07E9F2869EA3}.Release|Any CPU.Build.0 = Release|Any CPU
		{0B3EC688-52DC-4B31-87CA-1A76E808FD71}.Debug|Any CPU.ActiveCfg = Debug|Any CPU
		{0B3EC688-52DC-4B31-87CA-1A76E808FD71}.Debug|Any CPU.Build.0 = Debug|Any CPU
		{0B3EC688-52DC-4B31-87CA-1A76E808FD71}.Release|Any CPU.ActiveCfg = Release|Any CPU
		{0B3EC688-52DC-4B31-87CA-1A76E808FD71}.Release|Any CPU.Build.0 = Release|Any CPU
		{75693125-1E91-408C-B390-0A575DE0208E}.Debug|Any CPU.ActiveCfg = Debug|Any CPU
		{75693125-1E91-408C-B390-0A575DE0208E}.Debug|Any CPU.Build.0 = Debug|Any CPU
		{75693125-1E91-408C-B390-0A575DE0208E}.Release|Any CPU.ActiveCfg = Release|Any CPU
		{75693125-1E91-408C-B390-0A575DE0208E}.Release|Any CPU.Build.0 = Release|Any CPU
		{772F7B43-320E-4894-BD4D-EDEF39A1A914}.Debug|Any CPU.ActiveCfg = Debug|Any CPU
		{772F7B43-320E-4894-BD4D-EDEF39A1A914}.Debug|Any CPU.Build.0 = Debug|Any CPU
		{772F7B43-320E-4894-BD4D-EDEF39A1A914}.Release|Any CPU.ActiveCfg = Release|Any CPU
		{772F7B43-320E-4894-BD4D-EDEF39A1A914}.Release|Any CPU.Build.0 = Release|Any CPU
		{43500BF6-2076-4A64-BAD0-DBCCEA982C5F}.Debug|Any CPU.ActiveCfg = Debug|Any CPU
		{43500BF6-2076-4A64-BAD0-DBCCEA982C5F}.Debug|Any CPU.Build.0 = Debug|Any CPU
		{43500BF6-2076-4A64-BAD0-DBCCEA982C5F}.Release|Any CPU.ActiveCfg = Release|Any CPU
		{43500BF6-2076-4A64-BAD0-DBCCEA982C5F}.Release|Any CPU.Build.0 = Release|Any CPU
		{7B27575A-CD9C-45A2-89A7-57F5F4037268}.Debug|Any CPU.ActiveCfg = Debug|Any CPU
		{7B27575A-CD9C-45A2-89A7-57F5F4037268}.Debug|Any CPU.Build.0 = Debug|Any CPU
		{7B27575A-CD9C-45A2-89A7-57F5F4037268}.Release|Any CPU.ActiveCfg = Release|Any CPU
		{7B27575A-CD9C-45A2-89A7-57F5F4037268}.Release|Any CPU.Build.0 = Release|Any CPU
		{D5DEA73B-23EF-4184-82E7-8FF3B6DFCF25}.Debug|Any CPU.ActiveCfg = Debug|Any CPU
		{D5DEA73B-23EF-4184-82E7-8FF3B6DFCF25}.Debug|Any CPU.Build.0 = Debug|Any CPU
		{D5DEA73B-23EF-4184-82E7-8FF3B6DFCF25}.Release|Any CPU.ActiveCfg = Release|Any CPU
		{D5DEA73B-23EF-4184-82E7-8FF3B6DFCF25}.Release|Any CPU.Build.0 = Release|Any CPU
	EndGlobalSection
	GlobalSection(SolutionProperties) = preSolution
		HideSolutionNode = FALSE
	EndGlobalSection
EndGlobal
