
Microsoft Visual Studio Solution File, Format Version 12.00
# Visual Studio 15
VisualStudioVersion = 15.0.26403.0
MinimumVisualStudioVersion = 10.0.40219.1
Project("{FAE04EC0-301F-11D3-BF4B-00C04F79EFBC}") = "01. Reverse Strings", "01. Reverse Strings\01. Reverse Strings.csproj", "{8F1B1343-49B9-4BE3-A743-D7D899A3BD9E}"
EndProject
Project("{FAE04EC0-301F-11D3-BF4B-00C04F79EFBC}") = "02. Simple Calculator", "02. Simple Calculator\02. Simple Calculator.csproj", "{7004D46B-D2BF-4197-A90D-602EA207F2D2}"
EndProject
Project("{FAE04EC0-301F-11D3-BF4B-00C04F79EFBC}") = "03. Decimal to Binary Converter", "03. Decimal to Binary Converter\03. Decimal to Binary Converter.csproj", "{248ACF60-5A00-44A2-85A5-240F48584EC8}"
EndProject
Project("{FAE04EC0-301F-11D3-BF4B-00C04F79EFBC}") = "04. Matching Brackets", "04. Matching Brackets\04. Matching Brackets.csproj", "{F2CE6106-B46F-4BE9-A477-53E01D7864B6}"
EndProject
Project("{FAE04EC0-301F-11D3-BF4B-00C04F79EFBC}") = "05. Hot Potato", "05. Hot Potato\05. Hot Potato.csproj", "{2CF7629F-2117-4ACC-9EF3-1EE68E93C236}"
EndProject
Project("{FAE04EC0-301F-11D3-BF4B-00C04F79EFBC}") = "06. Math Potato", "06. Math Potato\06. Math Potato.csproj", "{43ED3AEA-9CFA-4F33-A71C-773ABB08B973}"
EndProject
Global
	GlobalSection(SolutionConfigurationPlatforms) = preSolution
		Debug|Any CPU = Debug|Any CPU
		Release|Any CPU = Release|Any CPU
	EndGlobalSection
	GlobalSection(ProjectConfigurationPlatforms) = postSolution
		{8F1B1343-49B9-4BE3-A743-D7D899A3BD9E}.Debug|Any CPU.ActiveCfg = Debug|Any CPU
		{8F1B1343-49B9-4BE3-A743-D7D899A3BD9E}.Debug|Any CPU.Build.0 = Debug|Any CPU
		{8F1B1343-49B9-4BE3-A743-D7D899A3BD9E}.Release|Any CPU.ActiveCfg = Release|Any CPU
		{8F1B1343-49B9-4BE3-A743-D7D899A3BD9E}.Release|Any CPU.Build.0 = Release|Any CPU
		{7004D46B-D2BF-4197-A90D-602EA207F2D2}.Debug|Any CPU.ActiveCfg = Debug|Any CPU
		{7004D46B-D2BF-4197-A90D-602EA207F2D2}.Debug|Any CPU.Build.0 = Debug|Any CPU
		{7004D46B-D2BF-4197-A90D-602EA207F2D2}.Release|Any CPU.ActiveCfg = Release|Any CPU
		{7004D46B-D2BF-4197-A90D-602EA207F2D2}.Release|Any CPU.Build.0 = Release|Any CPU
		{248ACF60-5A00-44A2-85A5-240F48584EC8}.Debug|Any CPU.ActiveCfg = Debug|Any CPU
		{248ACF60-5A00-44A2-85A5-240F48584EC8}.Debug|Any CPU.Build.0 = Debug|Any CPU
		{248ACF60-5A00-44A2-85A5-240F48584EC8}.Release|Any CPU.ActiveCfg = Release|Any CPU
		{248ACF60-5A00-44A2-85A5-240F48584EC8}.Release|Any CPU.Build.0 = Release|Any CPU
		{F2CE6106-B46F-4BE9-A477-53E01D7864B6}.Debug|Any CPU.ActiveCfg = Debug|Any CPU
		{F2CE6106-B46F-4BE9-A477-53E01D7864B6}.Debug|Any CPU.Build.0 = Debug|Any CPU
		{F2CE6106-B46F-4BE9-A477-53E01D7864B6}.Release|Any CPU.ActiveCfg = Release|Any CPU
		{F2CE6106-B46F-4BE9-A477-53E01D7864B6}.Release|Any CPU.Build.0 = Release|Any CPU
		{2CF7629F-2117-4ACC-9EF3-1EE68E93C236}.Debug|Any CPU.ActiveCfg = Debug|Any CPU
		{2CF7629F-2117-4ACC-9EF3-1EE68E93C236}.Debug|Any CPU.Build.0 = Debug|Any CPU
		{2CF7629F-2117-4ACC-9EF3-1EE68E93C236}.Release|Any CPU.ActiveCfg = Release|Any CPU
		{2CF7629F-2117-4ACC-9EF3-1EE68E93C236}.Release|Any CPU.Build.0 = Release|Any CPU
		{43ED3AEA-9CFA-4F33-A71C-773ABB08B973}.Debug|Any CPU.ActiveCfg = Debug|Any CPU
		{43ED3AEA-9CFA-4F33-A71C-773ABB08B973}.Debug|Any CPU.Build.0 = Debug|Any CPU
		{43ED3AEA-9CFA-4F33-A71C-773ABB08B973}.Release|Any CPU.ActiveCfg = Release|Any CPU
		{43ED3AEA-9CFA-4F33-A71C-773ABB08B973}.Release|Any CPU.Build.0 = Release|Any CPU
	EndGlobalSection
	GlobalSection(SolutionProperties) = preSolution
		HideSolutionNode = FALSE
	EndGlobalSection
EndGlobal
