
Microsoft Visual Studio Solution File, Format Version 12.00
# Visual Studio 15
VisualStudioVersion = 15.0.27004.2006
MinimumVisualStudioVersion = 10.0.40219.1
Project("{FAE04EC0-301F-11D3-BF4B-00C04F79EFBC}") = "01.DatabaseFirst", "01.DatabaseFirst\01.DatabaseFirst.csproj", "{0C13F530-680A-4BCB-9773-4A6ED6802EE2}"
EndProject
Global
	GlobalSection(SolutionConfigurationPlatforms) = preSolution
		Debug|Any CPU = Debug|Any CPU
		Release|Any CPU = Release|Any CPU
	EndGlobalSection
	GlobalSection(ProjectConfigurationPlatforms) = postSolution
		{0C13F530-680A-4BCB-9773-4A6ED6802EE2}.Debug|Any CPU.ActiveCfg = Debug|Any CPU
		{0C13F530-680A-4BCB-9773-4A6ED6802EE2}.Debug|Any CPU.Build.0 = Debug|Any CPU
		{0C13F530-680A-4BCB-9773-4A6ED6802EE2}.Release|Any CPU.ActiveCfg = Release|Any CPU
		{0C13F530-680A-4BCB-9773-4A6ED6802EE2}.Release|Any CPU.Build.0 = Release|Any CPU
	EndGlobalSection
	GlobalSection(SolutionProperties) = preSolution
		HideSolutionNode = FALSE
	EndGlobalSection
	GlobalSection(ExtensibilityGlobals) = postSolution
		SolutionGuid = {3F0F1FC9-FD5C-4BE5-A0A4-C6C6D5F6902F}
	EndGlobalSection
EndGlobal
